// !$*UTF8*$!
{
	archiveVersion = 1;
	classes = {
	};
	objectVersion = 50;
	objects = {

/* Begin PBXBuildFile section */
		6FEA7394259C978F00F913F8 /* FlashCardsApp.swift in Sources */ = {isa = PBXBuildFile; fileRef = 6FEA7393259C978F00F913F8 /* FlashCardsApp.swift */; };
		6FEA7396259C978F00F913F8 /* ContentView.swift in Sources */ = {isa = PBXBuildFile; fileRef = 6FEA7395259C978F00F913F8 /* ContentView.swift */; };
		6FEA7398259C979100F913F8 /* Assets.xcassets in Resources */ = {isa = PBXBuildFile; fileRef = 6FEA7397259C979100F913F8 /* Assets.xcassets */; };
		6FEA739B259C979100F913F8 /* Preview Assets.xcassets in Resources */ = {isa = PBXBuildFile; fileRef = 6FEA739A259C979100F913F8 /* Preview Assets.xcassets */; };
		6FEA73A6259C979100F913F8 /* FlashCardsTests.swift in Sources */ = {isa = PBXBuildFile; fileRef = 6FEA73A5259C979100F913F8 /* FlashCardsTests.swift */; };
		6FEA73B1259C979100F913F8 /* FlashCardsUITests.swift in Sources */ = {isa = PBXBuildFile; fileRef = 6FEA73B0259C979100F913F8 /* FlashCardsUITests.swift */; };
/* End PBXBuildFile section */

/* Begin PBXContainerItemProxy section */
		6FEA73A2259C979100F913F8 /* PBXContainerItemProxy */ = {
			isa = PBXContainerItemProxy;
			containerPortal = 6FEA7388259C978F00F913F8 /* Project object */;
			proxyType = 1;
			remoteGlobalIDString = 6FEA738F259C978F00F913F8;
			remoteInfo = FlashCards;
		};
		6FEA73AD259C979100F913F8 /* PBXContainerItemProxy */ = {
			isa = PBXContainerItemProxy;
			containerPortal = 6FEA7388259C978F00F913F8 /* Project object */;
			proxyType = 1;
			remoteGlobalIDString = 6FEA738F259C978F00F913F8;
			remoteInfo = FlashCards;
		};
/* End PBXContainerItemProxy section */

/* Begin PBXFileReference section */
		6FEA7390259C978F00F913F8 /* FlashCards.app */ = {isa = PBXFileReference; explicitFileType = wrapper.application; includeInIndex = 0; path = FlashCards.app; sourceTree = BUILT_PRODUCTS_DIR; };
		6FEA7393259C978F00F913F8 /* FlashCardsApp.swift */ = {isa = PBXFileReference; lastKnownFileType = sourcecode.swift; path = FlashCardsApp.swift; sourceTree = "<group>"; };
		6FEA7395259C978F00F913F8 /* ContentView.swift */ = {isa = PBXFileReference; lastKnownFileType = sourcecode.swift; path = ContentView.swift; sourceTree = "<group>"; };
		6FEA7397259C979100F913F8 /* Assets.xcassets */ = {isa = PBXFileReference; lastKnownFileType = folder.assetcatalog; path = Assets.xcassets; sourceTree = "<group>"; };
		6FEA739A259C979100F913F8 /* Preview Assets.xcassets */ = {isa = PBXFileReference; lastKnownFileType = folder.assetcatalog; path = "Preview Assets.xcassets"; sourceTree = "<group>"; };
		6FEA739C259C979100F913F8 /* Info.plist */ = {isa = PBXFileReference; lastKnownFileType = text.plist.xml; path = Info.plist; sourceTree = "<group>"; };
		6FEA73A1259C979100F913F8 /* FlashCardsTests.xctest */ = {isa = PBXFileReference; explicitFileType = wrapper.cfbundle; includeInIndex = 0; path = FlashCardsTests.xctest; sourceTree = BUILT_PRODUCTS_DIR; };
		6FEA73A5259C979100F913F8 /* FlashCardsTests.swift */ = {isa = PBXFileReference; lastKnownFileType = sourcecode.swift; path = FlashCardsTests.swift; sourceTree = "<group>"; };
		6FEA73A7259C979100F913F8 /* Info.plist */ = {isa = PBXFileReference; lastKnownFileType = text.plist.xml; path = Info.plist; sourceTree = "<group>"; };
		6FEA73AC259C979100F913F8 /* FlashCardsUITests.xctest */ = {isa = PBXFileReference; explicitFileType = wrapper.cfbundle; includeInIndex = 0; path = FlashCardsUITests.xctest; sourceTree = BUILT_PRODUCTS_DIR; };
		6FEA73B0259C979100F913F8 /* FlashCardsUITests.swift */ = {isa = PBXFileReference; lastKnownFileType = sourcecode.swift; path = FlashCardsUITests.swift; sourceTree = "<group>"; };
		6FEA73B2259C979100F913F8 /* Info.plist */ = {isa = PBXFileReference; lastKnownFileType = text.plist.xml; path = Info.plist; sourceTree = "<group>"; };
/* End PBXFileReference section */

/* Begin PBXFrameworksBuildPhase section */
		6FEA738D259C978F00F913F8 /* Frameworks */ = {
			isa = PBXFrameworksBuildPhase;
			buildActionMask = 2147483647;
			files = (
			);
			runOnlyForDeploymentPostprocessing = 0;
		};
		6FEA739E259C979100F913F8 /* Frameworks */ = {
			isa = PBXFrameworksBuildPhase;
			buildActionMask = 2147483647;
			files = (
			);
			runOnlyForDeploymentPostprocessing = 0;
		};
		6FEA73A9259C979100F913F8 /* Frameworks */ = {
			isa = PBXFrameworksBuildPhase;
			buildActionMask = 2147483647;
			files = (
			);
			runOnlyForDeploymentPostprocessing = 0;
		};
/* End PBXFrameworksBuildPhase section */

/* Begin PBXGroup section */
		6FEA7387259C978F00F913F8 = {
			isa = PBXGroup;
			children = (
				6FEA7392259C978F00F913F8 /* FlashCards */,
				6FEA73A4259C979100F913F8 /* FlashCardsTests */,
				6FEA73AF259C979100F913F8 /* FlashCardsUITests */,
				6FEA7391259C978F00F913F8 /* Products */,
			);
			sourceTree = "<group>";
		};
		6FEA7391259C978F00F913F8 /* Products */ = {
			isa = PBXGroup;
			children = (
				6FEA7390259C978F00F913F8 /* FlashCards.app */,
				6FEA73A1259C979100F913F8 /* FlashCardsTests.xctest */,
				6FEA73AC259C979100F913F8 /* FlashCardsUITests.xctest */,
			);
			name = Products;
			sourceTree = "<group>";
		};
		6FEA7392259C978F00F913F8 /* FlashCards */ = {
			isa = PBXGroup;
			children = (
				6FEA7393259C978F00F913F8 /* FlashCardsApp.swift */,
				6FEA7395259C978F00F913F8 /* ContentView.swift */,
				6FEA7397259C979100F913F8 /* Assets.xcassets */,
				6FEA739C259C979100F913F8 /* Info.plist */,
				6FEA7399259C979100F913F8 /* Preview Content */,
			);
			path = FlashCards;
			sourceTree = "<group>";
		};
		6FEA7399259C979100F913F8 /* Preview Content */ = {
			isa = PBXGroup;
			children = (
				6FEA739A259C979100F913F8 /* Preview Assets.xcassets */,
			);
			path = "Preview Content";
			sourceTree = "<group>";
		};
		6FEA73A4259C979100F913F8 /* FlashCardsTests */ = {
			isa = PBXGroup;
			children = (
				6FEA73A5259C979100F913F8 /* FlashCardsTests.swift */,
				6FEA73A7259C979100F913F8 /* Info.plist */,
			);
			path = FlashCardsTests;
			sourceTree = "<group>";
		};
		6FEA73AF259C979100F913F8 /* FlashCardsUITests */ = {
			isa = PBXGroup;
			children = (
				6FEA73B0259C979100F913F8 /* FlashCardsUITests.swift */,
				6FEA73B2259C979100F913F8 /* Info.plist */,
			);
			path = FlashCardsUITests;
			sourceTree = "<group>";
		};
/* End PBXGroup section */

/* Begin PBXNativeTarget section */
		6FEA738F259C978F00F913F8 /* FlashCards */ = {
			isa = PBXNativeTarget;
			buildConfigurationList = 6FEA73B5259C979100F913F8 /* Build configuration list for PBXNativeTarget "FlashCards" */;
			buildPhases = (
				6FEA738C259C978F00F913F8 /* Sources */,
				6FEA738D259C978F00F913F8 /* Frameworks */,
				6FEA738E259C978F00F913F8 /* Resources */,
			);
			buildRules = (
			);
			dependencies = (
			);
			name = FlashCards;
			productName = FlashCards;
			productReference = 6FEA7390259C978F00F913F8 /* FlashCards.app */;
			productType = "com.apple.product-type.application";
		};
		6FEA73A0259C979100F913F8 /* FlashCardsTests */ = {
			isa = PBXNativeTarget;
			buildConfigurationList = 6FEA73B8259C979100F913F8 /* Build configuration list for PBXNativeTarget "FlashCardsTests" */;
			buildPhases = (
				6FEA739D259C979100F913F8 /* Sources */,
				6FEA739E259C979100F913F8 /* Frameworks */,
				6FEA739F259C979100F913F8 /* Resources */,
			);
			buildRules = (
			);
			dependencies = (
				6FEA73A3259C979100F913F8 /* PBXTargetDependency */,
			);
			name = FlashCardsTests;
			productName = FlashCardsTests;
			productReference = 6FEA73A1259C979100F913F8 /* FlashCardsTests.xctest */;
			productType = "com.apple.product-type.bundle.unit-test";
		};
		6FEA73AB259C979100F913F8 /* FlashCardsUITests */ = {
			isa = PBXNativeTarget;
			buildConfigurationList = 6FEA73BB259C979100F913F8 /* Build configuration list for PBXNativeTarget "FlashCardsUITests" */;
			buildPhases = (
				6FEA73A8259C979100F913F8 /* Sources */,
				6FEA73A9259C979100F913F8 /* Frameworks */,
				6FEA73AA259C979100F913F8 /* Resources */,
			);
			buildRules = (
			);
			dependencies = (
				6FEA73AE259C979100F913F8 /* PBXTargetDependency */,
			);
			name = FlashCardsUITests;
			productName = FlashCardsUITests;
			productReference = 6FEA73AC259C979100F913F8 /* FlashCardsUITests.xctest */;
			productType = "com.apple.product-type.bundle.ui-testing";
		};
/* End PBXNativeTarget section */

/* Begin PBXProject section */
		6FEA7388259C978F00F913F8 /* Project object */ = {
			isa = PBXProject;
			attributes = {
				LastSwiftUpdateCheck = 1230;
				LastUpgradeCheck = 1230;
				TargetAttributes = {
					6FEA738F259C978F00F913F8 = {
						CreatedOnToolsVersion = 12.3;
					};
					6FEA73A0259C979100F913F8 = {
						CreatedOnToolsVersion = 12.3;
						TestTargetID = 6FEA738F259C978F00F913F8;
					};
					6FEA73AB259C979100F913F8 = {
						CreatedOnToolsVersion = 12.3;
						TestTargetID = 6FEA738F259C978F00F913F8;
					};
				};
			};
			buildConfigurationList = 6FEA738B259C978F00F913F8 /* Build configuration list for PBXProject "FlashCards" */;
			compatibilityVersion = "Xcode 9.3";
			developmentRegion = en;
			hasScannedForEncodings = 0;
			knownRegions = (
				en,
				Base,
			);
			mainGroup = 6FEA7387259C978F00F913F8;
			productRefGroup = 6FEA7391259C978F00F913F8 /* Products */;
			projectDirPath = "";
			projectRoot = "";
			targets = (
				6FEA738F259C978F00F913F8 /* FlashCards */,
				6FEA73A0259C979100F913F8 /* FlashCardsTests */,
				6FEA73AB259C979100F913F8 /* FlashCardsUITests */,
			);
		};
/* End PBXProject section */

/* Begin PBXResourcesBuildPhase section */
		6FEA738E259C978F00F913F8 /* Resources */ = {
			isa = PBXResourcesBuildPhase;
			buildActionMask = 2147483647;
			files = (
				6FEA739B259C979100F913F8 /* Preview Assets.xcassets in Resources */,
				6FEA7398259C979100F913F8 /* Assets.xcassets in Resources */,
			);
			runOnlyForDeploymentPostprocessing = 0;
		};
		6FEA739F259C979100F913F8 /* Resources */ = {
			isa = PBXResourcesBuildPhase;
			buildActionMask = 2147483647;
			files = (
			);
			runOnlyForDeploymentPostprocessing = 0;
		};
		6FEA73AA259C979100F913F8 /* Resources */ = {
			isa = PBXResourcesBuildPhase;
			buildActionMask = 2147483647;
			files = (
			);
			runOnlyForDeploymentPostprocessing = 0;
		};
/* End PBXResourcesBuildPhase section */

/* Begin PBXSourcesBuildPhase section */
		6FEA738C259C978F00F913F8 /* Sources */ = {
			isa = PBXSourcesBuildPhase;
			buildActionMask = 2147483647;
			files = (
				6FEA7396259C978F00F913F8 /* ContentView.swift in Sources */,
				6FEA7394259C978F00F913F8 /* FlashCardsApp.swift in Sources */,
			);
			runOnlyForDeploymentPostprocessing = 0;
		};
		6FEA739D259C979100F913F8 /* Sources */ = {
			isa = PBXSourcesBuildPhase;
			buildActionMask = 2147483647;
			files = (
				6FEA73A6259C979100F913F8 /* FlashCardsTests.swift in Sources */,
			);
			runOnlyForDeploymentPostprocessing = 0;
		};
		6FEA73A8259C979100F913F8 /* Sources */ = {
			isa = PBXSourcesBuildPhase;
			buildActionMask = 2147483647;
			files = (
				6FEA73B1259C979100F913F8 /* FlashCardsUITests.swift in Sources */,
			);
			runOnlyForDeploymentPostprocessing = 0;
		};
/* End PBXSourcesBuildPhase section */

/* Begin PBXTargetDependency section */
		6FEA73A3259C979100F913F8 /* PBXTargetDependency */ = {
			isa = PBXTargetDependency;
			target = 6FEA738F259C978F00F913F8 /* FlashCards */;
			targetProxy = 6FEA73A2259C979100F913F8 /* PBXContainerItemProxy */;
		};
		6FEA73AE259C979100F913F8 /* PBXTargetDependency */ = {
			isa = PBXTargetDependency;
			target = 6FEA738F259C978F00F913F8 /* FlashCards */;
			targetProxy = 6FEA73AD259C979100F913F8 /* PBXContainerItemProxy */;
		};
/* End PBXTargetDependency section */

/* Begin XCBuildConfiguration section */
		6FEA73B3259C979100F913F8 /* Debug */ = {
			isa = XCBuildConfiguration;
			buildSettings = {
				ALWAYS_SEARCH_USER_PATHS = NO;
				CLANG_ANALYZER_NONNULL = YES;
				CLANG_ANALYZER_NUMBER_OBJECT_CONVERSION = YES_AGGRESSIVE;
				CLANG_CXX_LANGUAGE_STANDARD = "gnu++14";
				CLANG_CXX_LIBRARY = "libc++";
				CLANG_ENABLE_MODULES = YES;
				CLANG_ENABLE_OBJC_ARC = YES;
				CLANG_ENABLE_OBJC_WEAK = YES;
				CLANG_WARN_BLOCK_CAPTURE_AUTORELEASING = YES;
				CLANG_WARN_BOOL_CONVERSION = YES;
				CLANG_WARN_COMMA = YES;
				CLANG_WARN_CONSTANT_CONVERSION = YES;
				CLANG_WARN_DEPRECATED_OBJC_IMPLEMENTATIONS = YES;
				CLANG_WARN_DIRECT_OBJC_ISA_USAGE = YES_ERROR;
				CLANG_WARN_DOCUMENTATION_COMMENTS = YES;
				CLANG_WARN_EMPTY_BODY = YES;
				CLANG_WARN_ENUM_CONVERSION = YES;
				CLANG_WARN_INFINITE_RECURSION = YES;
				CLANG_WARN_INT_CONVERSION = YES;
				CLANG_WARN_NON_LITERAL_NULL_CONVERSION = YES;
				CLANG_WARN_OBJC_IMPLICIT_RETAIN_SELF = YES;
				CLANG_WARN_OBJC_LITERAL_CONVERSION = YES;
				CLANG_WARN_OBJC_ROOT_CLASS = YES_ERROR;
				CLANG_WARN_QUOTED_INCLUDE_IN_FRAMEWORK_HEADER = YES;
				CLANG_WARN_RANGE_LOOP_ANALYSIS = YES;
				CLANG_WARN_STRICT_PROTOTYPES = YES;
				CLANG_WARN_SUSPICIOUS_MOVE = YES;
				CLANG_WARN_UNGUARDED_AVAILABILITY = YES_AGGRESSIVE;
				CLANG_WARN_UNREACHABLE_CODE = YES;
				CLANG_WARN__DUPLICATE_METHOD_MATCH = YES;
				COPY_PHASE_STRIP = NO;
				DEBUG_INFORMATION_FORMAT = dwarf;
				ENABLE_STRICT_OBJC_MSGSEND = YES;
				ENABLE_TESTABILITY = YES;
				GCC_C_LANGUAGE_STANDARD = gnu11;
				GCC_DYNAMIC_NO_PIC = NO;
				GCC_NO_COMMON_BLOCKS = YES;
				GCC_OPTIMIZATION_LEVEL = 0;
				GCC_PREPROCESSOR_DEFINITIONS = (
					"DEBUG=1",
					"$(inherited)",
				);
				GCC_WARN_64_TO_32_BIT_CONVERSION = YES;
				GCC_WARN_ABOUT_RETURN_TYPE = YES_ERROR;
				GCC_WARN_UNDECLARED_SELECTOR = YES;
				GCC_WARN_UNINITIALIZED_AUTOS = YES_AGGRESSIVE;
				GCC_WARN_UNUSED_FUNCTION = YES;
				GCC_WARN_UNUSED_VARIABLE = YES;
				IPHONEOS_DEPLOYMENT_TARGET = 14.3;
				MTL_ENABLE_DEBUG_INFO = INCLUDE_SOURCE;
				MTL_FAST_MATH = YES;
				ONLY_ACTIVE_ARCH = YES;
				SDKROOT = iphoneos;
				SWIFT_ACTIVE_COMPILATION_CONDITIONS = DEBUG;
				SWIFT_OPTIMIZATION_LEVEL = "-Onone";
			};
			name = Debug;
		};
		6FEA73B4259C979100F913F8 /* Release */ = {
			isa = XCBuildConfiguration;
			buildSettings = {
				ALWAYS_SEARCH_USER_PATHS = NO;
				CLANG_ANALYZER_NONNULL = YES;
				CLANG_ANALYZER_NUMBER_OBJECT_CONVERSION = YES_AGGRESSIVE;
				CLANG_CXX_LANGUAGE_STANDARD = "gnu++14";
				CLANG_CXX_LIBRARY = "libc++";
				CLANG_ENABLE_MODULES = YES;
				CLANG_ENABLE_OBJC_ARC = YES;
				CLANG_ENABLE_OBJC_WEAK = YES;
				CLANG_WARN_BLOCK_CAPTURE_AUTORELEASING = YES;
				CLANG_WARN_BOOL_CONVERSION = YES;
				CLANG_WARN_COMMA = YES;
				CLANG_WARN_CONSTANT_CONVERSION = YES;
				CLANG_WARN_DEPRECATED_OBJC_IMPLEMENTATIONS = YES;
				CLANG_WARN_DIRECT_OBJC_ISA_USAGE = YES_ERROR;
				CLANG_WARN_DOCUMENTATION_COMMENTS = YES;
				CLANG_WARN_EMPTY_BODY = YES;
				CLANG_WARN_ENUM_CONVERSION = YES;
				CLANG_WARN_INFINITE_RECURSION = YES;
				CLANG_WARN_INT_CONVERSION = YES;
				CLANG_WARN_NON_LITERAL_NULL_CONVERSION = YES;
				CLANG_WARN_OBJC_IMPLICIT_RETAIN_SELF = YES;
				CLANG_WARN_OBJC_LITERAL_CONVERSION = YES;
				CLANG_WARN_OBJC_ROOT_CLASS = YES_ERROR;
				CLANG_WARN_QUOTED_INCLUDE_IN_FRAMEWORK_HEADER = YES;
				CLANG_WARN_RANGE_LOOP_ANALYSIS = YES;
				CLANG_WARN_STRICT_PROTOTYPES = YES;
				CLANG_WARN_SUSPICIOUS_MOVE = YES;
				CLANG_WARN_UNGUARDED_AVAILABILITY = YES_AGGRESSIVE;
				CLANG_WARN_UNREACHABLE_CODE = YES;
				CLANG_WARN__DUPLICATE_METHOD_MATCH = YES;
				COPY_PHASE_STRIP = NO;
				DEBUG_INFORMATION_FORMAT = "dwarf-with-dsym";
				ENABLE_NS_ASSERTIONS = NO;
				ENABLE_STRICT_OBJC_MSGSEND = YES;
				GCC_C_LANGUAGE_STANDARD = gnu11;
				GCC_NO_COMMON_BLOCKS = YES;
				GCC_WARN_64_TO_32_BIT_CONVERSION = YES;
				GCC_WARN_ABOUT_RETURN_TYPE = YES_ERROR;
				GCC_WARN_UNDECLARED_SELECTOR = YES;
				GCC_WARN_UNINITIALIZED_AUTOS = YES_AGGRESSIVE;
				GCC_WARN_UNUSED_FUNCTION = YES;
				GCC_WARN_UNUSED_VARIABLE = YES;
				IPHONEOS_DEPLOYMENT_TARGET = 14.3;
				MTL_ENABLE_DEBUG_INFO = NO;
				MTL_FAST_MATH = YES;
				SDKROOT = iphoneos;
				SWIFT_COMPILATION_MODE = wholemodule;
				SWIFT_OPTIMIZATION_LEVEL = "-O";
				VALIDATE_PRODUCT = YES;
			};
			name = Release;
		};
		6FEA73B6259C979100F913F8 /* Debug */ = {
			isa = XCBuildConfiguration;
			buildSettings = {
				ASSETCATALOG_COMPILER_APPICON_NAME = AppIcon;
				ASSETCATALOG_COMPILER_GLOBAL_ACCENT_COLOR_NAME = AccentColor;
				CODE_SIGN_STYLE = Automatic;
				DEVELOPMENT_ASSET_PATHS = "\"FlashCards/Preview Content\"";
				DEVELOPMENT_TEAM = KC3W5NG592;
				ENABLE_PREVIEWS = YES;
				INFOPLIST_FILE = FlashCards/Info.plist;
				IPHONEOS_DEPLOYMENT_TARGET = 14.0;
				LD_RUNPATH_SEARCH_PATHS = (
					"$(inherited)",
					"@executable_path/Frameworks",
				);
				PRODUCT_BUNDLE_IDENTIFIER = boanas.com.FlashCards;
				PRODUCT_NAME = "$(TARGET_NAME)";
				SWIFT_VERSION = 5.0;
				TARGETED_DEVICE_FAMILY = "1,2";
			};
			name = Debug;
		};
		6FEA73B7259C979100F913F8 /* Release */ = {
			isa = XCBuildConfiguration;
			buildSettings = {
				ASSETCATALOG_COMPILER_APPICON_NAME = AppIcon;
				ASSETCATALOG_COMPILER_GLOBAL_ACCENT_COLOR_NAME = AccentColor;
				CODE_SIGN_STYLE = Automatic;
				DEVELOPMENT_ASSET_PATHS = "\"FlashCards/Preview Content\"";
				DEVELOPMENT_TEAM = KC3W5NG592;
				ENABLE_PREVIEWS = YES;
				INFOPLIST_FILE = FlashCards/Info.plist;
				IPHONEOS_DEPLOYMENT_TARGET = 14.0;
				LD_RUNPATH_SEARCH_PATHS = (
					"$(inherited)",
					"@executable_path/Frameworks",
				);
				PRODUCT_BUNDLE_IDENTIFIER = boanas.com.FlashCards;
				PRODUCT_NAME = "$(TARGET_NAME)";
				SWIFT_VERSION = 5.0;
				TARGETED_DEVICE_FAMILY = "1,2";
			};
			name = Release;
		};
		6FEA73B9259C979100F913F8 /* Debug */ = {
			isa = XCBuildConfiguration;
			buildSettings = {
				ALWAYS_EMBED_SWIFT_STANDARD_LIBRARIES = YES;
				BUNDLE_LOADER = "$(TEST_HOST)";
				CODE_SIGN_STYLE = Automatic;
				DEVELOPMENT_TEAM = KC3W5NG592;
				INFOPLIST_FILE = FlashCardsTests/Info.plist;
				IPHONEOS_DEPLOYMENT_TARGET = 14.0;
				LD_RUNPATH_SEARCH_PATHS = (
					"$(inherited)",
					"@executable_path/Frameworks",
					"@loader_path/Frameworks",
				);
				PRODUCT_BUNDLE_IDENTIFIER = boanas.com.FlashCardsTests;
				PRODUCT_NAME = "$(TARGET_NAME)";
				SWIFT_VERSION = 5.0;
				TARGETED_DEVICE_FAMILY = "1,2";
				TEST_HOST = "$(BUILT_PRODUCTS_DIR)/FlashCards.app/FlashCards";
			};
			name = Debug;
		};
		6FEA73BA259C979100F913F8 /* Release */ = {
			isa = XCBuildConfiguration;
			buildSettings = {
				ALWAYS_EMBED_SWIFT_STANDARD_LIBRARIES = YES;
				BUNDLE_LOADER = "$(TEST_HOST)";
				CODE_SIGN_STYLE = Automatic;
				DEVELOPMENT_TEAM = KC3W5NG592;
				INFOPLIST_FILE = FlashCardsTests/Info.plist;
				IPHONEOS_DEPLOYMENT_TARGET = 14.0;
				LD_RUNPATH_SEARCH_PATHS = (
					"$(inherited)",
					"@executable_path/Frameworks",
					"@loader_path/Frameworks",
				);
				PRODUCT_BUNDLE_IDENTIFIER = boanas.com.FlashCardsTests;
				PRODUCT_NAME = "$(TARGET_NAME)";
				SWIFT_VERSION = 5.0;
				TARGETED_DEVICE_FAMILY = "1,2";
				TEST_HOST = "$(BUILT_PRODUCTS_DIR)/FlashCards.app/FlashCards";
			};
			name = Release;
		};
		6FEA73BC259C979100F913F8 /* Debug */ = {
			isa = XCBuildConfiguration;
			buildSettings = {
				ALWAYS_EMBED_SWIFT_STANDARD_LIBRARIES = YES;
				CODE_SIGN_STYLE = Automatic;
				DEVELOPMENT_TEAM = KC3W5NG592;
				INFOPLIST_FILE = FlashCardsUITests/Info.plist;
				LD_RUNPATH_SEARCH_PATHS = (
					"$(inherited)",
					"@executable_path/Frameworks",
					"@loader_path/Frameworks",
				);
				PRODUCT_BUNDLE_IDENTIFIER = boanas.com.FlashCardsUITests;
				PRODUCT_NAME = "$(TARGET_NAME)";
				SWIFT_VERSION = 5.0;
				TARGETED_DEVICE_FAMILY = "1,2";
				TEST_TARGET_NAME = FlashCards;
			};
			name = Debug;
		};
		6FEA73BD259C979100F913F8 /* Release */ = {
			isa = XCBuildConfiguration;
			buildSettings = {
				ALWAYS_EMBED_SWIFT_STANDARD_LIBRARIES = YES;
				CODE_SIGN_STYLE = Automatic;
				DEVELOPMENT_TEAM = KC3W5NG592;
				INFOPLIST_FILE = FlashCardsUITests/Info.plist;
				LD_RUNPATH_SEARCH_PATHS = (
					"$(inherited)",
					"@executable_path/Frameworks",
					"@loader_path/Frameworks",
				);
				PRODUCT_BUNDLE_IDENTIFIER = boanas.com.FlashCardsUITests;
				PRODUCT_NAME = "$(TARGET_NAME)";
				SWIFT_VERSION = 5.0;
				TARGETED_DEVICE_FAMILY = "1,2";
				TEST_TARGET_NAME = FlashCards;
			};
			name = Release;
		};
/* End XCBuildConfiguration section */

/* Begin XCConfigurationList section */
		6FEA738B259C978F00F913F8 /* Build configuration list for PBXProject "FlashCards" */ = {
			isa = XCConfigurationList;
			buildConfigurations = (
				6FEA73B3259C979100F913F8 /* Debug */,
				6FEA73B4259C979100F913F8 /* Release */,
			);
			defaultConfigurationIsVisible = 0;
			defaultConfigurationName = Release;
		};
		6FEA73B5259C979100F913F8 /* Build configuration list for PBXNativeTarget "FlashCards" */ = {
			isa = XCConfigurationList;
			buildConfigurations = (
				6FEA73B6259C979100F913F8 /* Debug */,
				6FEA73B7259C979100F913F8 /* Release */,
			);
			defaultConfigurationIsVisible = 0;
			defaultConfigurationName = Release;
		};
		6FEA73B8259C979100F913F8 /* Build configuration list for PBXNativeTarget "FlashCardsTests" */ = {
			isa = XCConfigurationList;
			buildConfigurations = (
				6FEA73B9259C979100F913F8 /* Debug */,
				6FEA73BA259C979100F913F8 /* Release */,
			);
			defaultConfigurationIsVisible = 0;
			defaultConfigurationName = Release;
		};
		6FEA73BB259C979100F913F8 /* Build configuration list for PBXNativeTarget "FlashCardsUITests" */ = {
			isa = XCConfigurationList;
			buildConfigurations = (
				6FEA73BC259C979100F913F8 /* Debug */,
				6FEA73BD259C979100F913F8 /* Release */,
			);
			defaultConfigurationIsVisible = 0;
			defaultConfigurationName = Release;
		};
/* End XCConfigurationList section */
	};
	rootObject = 6FEA7388259C978F00F913F8 /* Project object */;
}
